// !$*UTF8*$!
{
	archiveVersion = 1;
	classes = {
	};
	objectVersion = 48;
	objects = {

/* Begin PBXBuildFile section */
		713D457E9F589B6D97194891 /* Pods_Social.framework in Frameworks */ = {isa = PBXBuildFile; fileRef = D34ADD2410FFB13E993BF3A0 /* Pods_Social.framework */; };
		870DCA501F8F50AB00E88FA1 /* AppDelegate.swift in Sources */ = {isa = PBXBuildFile; fileRef = 870DCA4F1F8F50AB00E88FA1 /* AppDelegate.swift */; };
		870DCA521F8F50AB00E88FA1 /* SingInVC.swift in Sources */ = {isa = PBXBuildFile; fileRef = 870DCA511F8F50AB00E88FA1 /* SingInVC.swift */; };
		870DCA551F8F50AB00E88FA1 /* Main.storyboard in Resources */ = {isa = PBXBuildFile; fileRef = 870DCA531F8F50AB00E88FA1 /* Main.storyboard */; };
		870DCA571F8F50AB00E88FA1 /* Assets.xcassets in Resources */ = {isa = PBXBuildFile; fileRef = 870DCA561F8F50AB00E88FA1 /* Assets.xcassets */; };
		870DCA5A1F8F50AB00E88FA1 /* LaunchScreen.storyboard in Resources */ = {isa = PBXBuildFile; fileRef = 870DCA581F8F50AB00E88FA1 /* LaunchScreen.storyboard */; };
		870DCA621F8F53FC00E88FA1 /* GoogleService-Info.plist in Resources */ = {isa = PBXBuildFile; fileRef = 870DCA611F8F53F700E88FA1 /* GoogleService-Info.plist */; };
		870DCA691F8F5BFA00E88FA1 /* Costants.swift in Sources */ = {isa = PBXBuildFile; fileRef = 870DCA681F8F5BFA00E88FA1 /* Costants.swift */; };
		870DCA6E1F8F5C1B00E88FA1 /* RoundButton.swift in Sources */ = {isa = PBXBuildFile; fileRef = 870DCA6A1F8F5C1A00E88FA1 /* RoundButton.swift */; };
		870DCA6F1F8F5C1B00E88FA1 /* FancyField.swift in Sources */ = {isa = PBXBuildFile; fileRef = 870DCA6B1F8F5C1A00E88FA1 /* FancyField.swift */; };
		870DCA701F8F5C1B00E88FA1 /* FancyButton.swift in Sources */ = {isa = PBXBuildFile; fileRef = 870DCA6C1F8F5C1A00E88FA1 /* FancyButton.swift */; };
		870DCA711F8F5C1B00E88FA1 /* FancyView.swift in Sources */ = {isa = PBXBuildFile; fileRef = 870DCA6D1F8F5C1A00E88FA1 /* FancyView.swift */; };
		87255F061F90AC8800521511 /* CircleView.swift in Sources */ = {isa = PBXBuildFile; fileRef = 87255F051F90AC8800521511 /* CircleView.swift */; };
		87255F081F90BB2600521511 /* PostCell.swift in Sources */ = {isa = PBXBuildFile; fileRef = 87255F071F90BB2600521511 /* PostCell.swift */; };
		87255F0B1F90D7AF00521511 /* DataService.swift in Sources */ = {isa = PBXBuildFile; fileRef = 87255F0A1F90D7AF00521511 /* DataService.swift */; };
		87B9BB591F8FA21F0056EACD /* FeedVC.swift in Sources */ = {isa = PBXBuildFile; fileRef = 87B9BB581F8FA21F0056EACD /* FeedVC.swift */; };
/* End PBXBuildFile section */

/* Begin PBXFileReference section */
		0E154DD816226A93293508BE /* Pods-Social.release.xcconfig */ = {isa = PBXFileReference; includeInIndex = 1; lastKnownFileType = text.xcconfig; name = "Pods-Social.release.xcconfig"; path = "Pods/Target Support Files/Pods-Social/Pods-Social.release.xcconfig"; sourceTree = "<group>"; };
		870DCA4C1F8F50AB00E88FA1 /* Social.app */ = {isa = PBXFileReference; explicitFileType = wrapper.application; includeInIndex = 0; path = Social.app; sourceTree = BUILT_PRODUCTS_DIR; };
		870DCA4F1F8F50AB00E88FA1 /* AppDelegate.swift */ = {isa = PBXFileReference; lastKnownFileType = sourcecode.swift; path = AppDelegate.swift; sourceTree = "<group>"; };
		870DCA511F8F50AB00E88FA1 /* SingInVC.swift */ = {isa = PBXFileReference; lastKnownFileType = sourcecode.swift; path = SingInVC.swift; sourceTree = "<group>"; };
		870DCA541F8F50AB00E88FA1 /* Base */ = {isa = PBXFileReference; lastKnownFileType = file.storyboard; name = Base; path = Base.lproj/Main.storyboard; sourceTree = "<group>"; };
		870DCA561F8F50AB00E88FA1 /* Assets.xcassets */ = {isa = PBXFileReference; lastKnownFileType = folder.assetcatalog; path = Assets.xcassets; sourceTree = "<group>"; };
		870DCA591F8F50AB00E88FA1 /* Base */ = {isa = PBXFileReference; lastKnownFileType = file.storyboard; name = Base; path = Base.lproj/LaunchScreen.storyboard; sourceTree = "<group>"; };
		870DCA5B1F8F50AB00E88FA1 /* Info.plist */ = {isa = PBXFileReference; lastKnownFileType = text.plist.xml; path = Info.plist; sourceTree = "<group>"; };
		870DCA611F8F53F700E88FA1 /* GoogleService-Info.plist */ = {isa = PBXFileReference; lastKnownFileType = text.plist.xml; path = "GoogleService-Info.plist"; sourceTree = "<group>"; };
		870DCA681F8F5BFA00E88FA1 /* Costants.swift */ = {isa = PBXFileReference; fileEncoding = 4; lastKnownFileType = sourcecode.swift; path = Costants.swift; sourceTree = "<group>"; };
		870DCA6A1F8F5C1A00E88FA1 /* RoundButton.swift */ = {isa = PBXFileReference; fileEncoding = 4; lastKnownFileType = sourcecode.swift; path = RoundButton.swift; sourceTree = "<group>"; };
		870DCA6B1F8F5C1A00E88FA1 /* FancyField.swift */ = {isa = PBXFileReference; fileEncoding = 4; lastKnownFileType = sourcecode.swift; path = FancyField.swift; sourceTree = "<group>"; };
		870DCA6C1F8F5C1A00E88FA1 /* FancyButton.swift */ = {isa = PBXFileReference; fileEncoding = 4; lastKnownFileType = sourcecode.swift; path = FancyButton.swift; sourceTree = "<group>"; };
		870DCA6D1F8F5C1A00E88FA1 /* FancyView.swift */ = {isa = PBXFileReference; fileEncoding = 4; lastKnownFileType = sourcecode.swift; path = FancyView.swift; sourceTree = "<group>"; };
		87255F051F90AC8800521511 /* CircleView.swift */ = {isa = PBXFileReference; lastKnownFileType = sourcecode.swift; path = CircleView.swift; sourceTree = "<group>"; };
		87255F071F90BB2600521511 /* PostCell.swift */ = {isa = PBXFileReference; lastKnownFileType = sourcecode.swift; path = PostCell.swift; sourceTree = "<group>"; };
		87255F0A1F90D7AF00521511 /* DataService.swift */ = {isa = PBXFileReference; lastKnownFileType = sourcecode.swift; path = DataService.swift; sourceTree = "<group>"; };
		8732FF1E1F8F68B000E87CA9 /* FBSDKLoginKit.framework */ = {isa = PBXFileReference; lastKnownFileType = wrapper.framework; path = FBSDKLoginKit.framework; sourceTree = "<group>"; };
		8732FF1F1F8F68B100E87CA9 /* FBSDKCoreKit.framework */ = {isa = PBXFileReference; lastKnownFileType = wrapper.framework; path = FBSDKCoreKit.framework; sourceTree = "<group>"; };
		8732FF201F8F68B100E87CA9 /* Bolts.framework */ = {isa = PBXFileReference; lastKnownFileType = wrapper.framework; path = Bolts.framework; sourceTree = "<group>"; };
		8732FF211F8F68B200E87CA9 /* FBSDKShareKit.framework */ = {isa = PBXFileReference; lastKnownFileType = wrapper.framework; path = FBSDKShareKit.framework; sourceTree = "<group>"; };
		87B9BB571F8F908D0056EACD /* Social.entitlements */ = {isa = PBXFileReference; lastKnownFileType = text.plist.entitlements; path = Social.entitlements; sourceTree = "<group>"; };
		87B9BB581F8FA21F0056EACD /* FeedVC.swift */ = {isa = PBXFileReference; lastKnownFileType = sourcecode.swift; path = FeedVC.swift; sourceTree = "<group>"; };
		8D6216796BC5922C1BD36031 /* Pods-Social.debug.xcconfig */ = {isa = PBXFileReference; includeInIndex = 1; lastKnownFileType = text.xcconfig; name = "Pods-Social.debug.xcconfig"; path = "Pods/Target Support Files/Pods-Social/Pods-Social.debug.xcconfig"; sourceTree = "<group>"; };
		D34ADD2410FFB13E993BF3A0 /* Pods_Social.framework */ = {isa = PBXFileReference; explicitFileType = wrapper.framework; includeInIndex = 0; path = Pods_Social.framework; sourceTree = BUILT_PRODUCTS_DIR; };
/* End PBXFileReference section */

/* Begin PBXFrameworksBuildPhase section */
		870DCA491F8F50AB00E88FA1 /* Frameworks */ = {
			isa = PBXFrameworksBuildPhase;
			buildActionMask = 2147483647;
			files = (
				713D457E9F589B6D97194891 /* Pods_Social.framework in Frameworks */,
			);
			runOnlyForDeploymentPostprocessing = 0;
		};
/* End PBXFrameworksBuildPhase section */

/* Begin PBXGroup section */
		870DCA431F8F50AB00E88FA1 = {
			isa = PBXGroup;
			children = (
				870DCA4E1F8F50AB00E88FA1 /* Social */,
				870DCA4D1F8F50AB00E88FA1 /* Products */,
				C549464A3B868CE683E39E5C /* Pods */,
				882681E2EF3C3E6D41CE62DB /* Frameworks */,
			);
			sourceTree = "<group>";
		};
		870DCA4D1F8F50AB00E88FA1 /* Products */ = {
			isa = PBXGroup;
			children = (
				870DCA4C1F8F50AB00E88FA1 /* Social.app */,
			);
			name = Products;
			sourceTree = "<group>";
		};
		870DCA4E1F8F50AB00E88FA1 /* Social */ = {
			isa = PBXGroup;
			children = (
				87255F091F90D79400521511 /* Services */,
				87B9BB571F8F908D0056EACD /* Social.entitlements */,
				870DCA671F8F5BD700E88FA1 /* Util */,
				870DCA631F8F56CF00E88FA1 /* Model */,
				870DCA641F8F56D400E88FA1 /* View */,
				870DCA651F8F56D900E88FA1 /* Controller */,
				870DCA4F1F8F50AB00E88FA1 /* AppDelegate.swift */,
				870DCA531F8F50AB00E88FA1 /* Main.storyboard */,
				870DCA561F8F50AB00E88FA1 /* Assets.xcassets */,
				870DCA581F8F50AB00E88FA1 /* LaunchScreen.storyboard */,
				870DCA611F8F53F700E88FA1 /* GoogleService-Info.plist */,
				870DCA5B1F8F50AB00E88FA1 /* Info.plist */,
			);
			path = Social;
			sourceTree = "<group>";
		};
		870DCA631F8F56CF00E88FA1 /* Model */ = {
			isa = PBXGroup;
			children = (
			);
			path = Model;
			sourceTree = "<group>";
		};
		870DCA641F8F56D400E88FA1 /* View */ = {
			isa = PBXGroup;
			children = (
				870DCA6C1F8F5C1A00E88FA1 /* FancyButton.swift */,
				870DCA6B1F8F5C1A00E88FA1 /* FancyField.swift */,
				870DCA6D1F8F5C1A00E88FA1 /* FancyView.swift */,
				870DCA6A1F8F5C1A00E88FA1 /* RoundButton.swift */,
				87255F051F90AC8800521511 /* CircleView.swift */,
				87255F071F90BB2600521511 /* PostCell.swift */,
			);
			path = View;
			sourceTree = "<group>";
		};
		870DCA651F8F56D900E88FA1 /* Controller */ = {
			isa = PBXGroup;
			children = (
				870DCA511F8F50AB00E88FA1 /* SingInVC.swift */,
				87B9BB581F8FA21F0056EACD /* FeedVC.swift */,
			);
			path = Controller;
			sourceTree = "<group>";
		};
		870DCA671F8F5BD700E88FA1 /* Util */ = {
			isa = PBXGroup;
			children = (
				870DCA681F8F5BFA00E88FA1 /* Costants.swift */,
			);
			path = Util;
			sourceTree = "<group>";
		};
		87255F091F90D79400521511 /* Services */ = {
			isa = PBXGroup;
			children = (
				87255F0A1F90D7AF00521511 /* DataService.swift */,
			);
			path = Services;
			sourceTree = "<group>";
		};
		882681E2EF3C3E6D41CE62DB /* Frameworks */ = {
			isa = PBXGroup;
			children = (
				8732FF201F8F68B100E87CA9 /* Bolts.framework */,
				8732FF1F1F8F68B100E87CA9 /* FBSDKCoreKit.framework */,
				8732FF1E1F8F68B000E87CA9 /* FBSDKLoginKit.framework */,
				8732FF211F8F68B200E87CA9 /* FBSDKShareKit.framework */,
				D34ADD2410FFB13E993BF3A0 /* Pods_Social.framework */,
			);
			name = Frameworks;
			sourceTree = "<group>";
		};
		C549464A3B868CE683E39E5C /* Pods */ = {
			isa = PBXGroup;
			children = (
				8D6216796BC5922C1BD36031 /* Pods-Social.debug.xcconfig */,
				0E154DD816226A93293508BE /* Pods-Social.release.xcconfig */,
			);
			name = Pods;
			sourceTree = "<group>";
		};
/* End PBXGroup section */

/* Begin PBXNativeTarget section */
		870DCA4B1F8F50AB00E88FA1 /* Social */ = {
			isa = PBXNativeTarget;
			buildConfigurationList = 870DCA5E1F8F50AB00E88FA1 /* Build configuration list for PBXNativeTarget "Social" */;
			buildPhases = (
				B12C2ED630BF35337187118D /* [CP] Check Pods Manifest.lock */,
				870DCA481F8F50AB00E88FA1 /* Sources */,
				870DCA491F8F50AB00E88FA1 /* Frameworks */,
				870DCA4A1F8F50AB00E88FA1 /* Resources */,
				4D60141DA9616DF9C803ADA1 /* [CP] Embed Pods Frameworks */,
				1E4309F4EE2876524B790527 /* [CP] Copy Pods Resources */,
			);
			buildRules = (
			);
			dependencies = (
			);
			name = Social;
			productName = Social;
			productReference = 870DCA4C1F8F50AB00E88FA1 /* Social.app */;
			productType = "com.apple.product-type.application";
		};
/* End PBXNativeTarget section */

/* Begin PBXProject section */
		870DCA441F8F50AB00E88FA1 /* Project object */ = {
			isa = PBXProject;
			attributes = {
				LastSwiftUpdateCheck = 0900;
				LastUpgradeCheck = 0900;
				ORGANIZATIONNAME = "Predrag Jevtic";
				TargetAttributes = {
					870DCA4B1F8F50AB00E88FA1 = {
						CreatedOnToolsVersion = 9.0;
						ProvisioningStyle = Automatic;
						SystemCapabilities = {
							com.apple.Keychain = {
								enabled = 1;
							};
						};
					};
				};
			};
			buildConfigurationList = 870DCA471F8F50AB00E88FA1 /* Build configuration list for PBXProject "Social" */;
			compatibilityVersion = "Xcode 8.0";
			developmentRegion = en;
			hasScannedForEncodings = 0;
			knownRegions = (
				en,
				Base,
			);
			mainGroup = 870DCA431F8F50AB00E88FA1;
			productRefGroup = 870DCA4D1F8F50AB00E88FA1 /* Products */;
			projectDirPath = "";
			projectRoot = "";
			targets = (
				870DCA4B1F8F50AB00E88FA1 /* Social */,
			);
		};
/* End PBXProject section */

/* Begin PBXResourcesBuildPhase section */
		870DCA4A1F8F50AB00E88FA1 /* Resources */ = {
			isa = PBXResourcesBuildPhase;
			buildActionMask = 2147483647;
			files = (
				870DCA5A1F8F50AB00E88FA1 /* LaunchScreen.storyboard in Resources */,
				870DCA621F8F53FC00E88FA1 /* GoogleService-Info.plist in Resources */,
				870DCA571F8F50AB00E88FA1 /* Assets.xcassets in Resources */,
				870DCA551F8F50AB00E88FA1 /* Main.storyboard in Resources */,
			);
			runOnlyForDeploymentPostprocessing = 0;
		};
/* End PBXResourcesBuildPhase section */

/* Begin PBXShellScriptBuildPhase section */
		1E4309F4EE2876524B790527 /* [CP] Copy Pods Resources */ = {
			isa = PBXShellScriptBuildPhase;
			buildActionMask = 2147483647;
			files = (
			);
			inputPaths = (
			);
			name = "[CP] Copy Pods Resources";
			outputPaths = (
			);
			runOnlyForDeploymentPostprocessing = 0;
			shellPath = /bin/sh;
			shellScript = "\"${SRCROOT}/Pods/Target Support Files/Pods-Social/Pods-Social-resources.sh\"\n";
			showEnvVarsInLog = 0;
		};
		4D60141DA9616DF9C803ADA1 /* [CP] Embed Pods Frameworks */ = {
			isa = PBXShellScriptBuildPhase;
			buildActionMask = 2147483647;
			files = (
			);
			inputPaths = (
				"${SRCROOT}/Pods/Target Support Files/Pods-Social/Pods-Social-frameworks.sh",
				"${BUILT_PRODUCTS_DIR}/Bolts/Bolts.framework",
				"${BUILT_PRODUCTS_DIR}/FBSDKCoreKit/FBSDKCoreKit.framework",
				"${BUILT_PRODUCTS_DIR}/FBSDKLoginKit/FBSDKLoginKit.framework",
				"${BUILT_PRODUCTS_DIR}/GTMSessionFetcher/GTMSessionFetcher.framework",
				"${BUILT_PRODUCTS_DIR}/GoogleToolboxForMac/GoogleToolboxForMac.framework",
				"${BUILT_PRODUCTS_DIR}/SwiftKeychainWrapper/SwiftKeychainWrapper.framework",
				"${BUILT_PRODUCTS_DIR}/leveldb-library/leveldb.framework",
				"${BUILT_PRODUCTS_DIR}/nanopb/nanopb.framework",
			);
			name = "[CP] Embed Pods Frameworks";
			outputPaths = (
				"${TARGET_BUILD_DIR}/${FRAMEWORKS_FOLDER_PATH}/Bolts.framework",
				"${TARGET_BUILD_DIR}/${FRAMEWORKS_FOLDER_PATH}/FBSDKCoreKit.framework",
				"${TARGET_BUILD_DIR}/${FRAMEWORKS_FOLDER_PATH}/FBSDKLoginKit.framework",
				"${TARGET_BUILD_DIR}/${FRAMEWORKS_FOLDER_PATH}/GTMSessionFetcher.framework",
				"${TARGET_BUILD_DIR}/${FRAMEWORKS_FOLDER_PATH}/GoogleToolboxForMac.framework",
				"${TARGET_BUILD_DIR}/${FRAMEWORKS_FOLDER_PATH}/SwiftKeychainWrapper.framework",
				"${TARGET_BUILD_DIR}/${FRAMEWORKS_FOLDER_PATH}/leveldb.framework",
				"${TARGET_BUILD_DIR}/${FRAMEWORKS_FOLDER_PATH}/nanopb.framework",
			);
			runOnlyForDeploymentPostprocessing = 0;
			shellPath = /bin/sh;
			shellScript = "\"${SRCROOT}/Pods/Target Support Files/Pods-Social/Pods-Social-frameworks.sh\"\n";
			showEnvVarsInLog = 0;
		};
		B12C2ED630BF35337187118D /* [CP] Check Pods Manifest.lock */ = {
			isa = PBXShellScriptBuildPhase;
			buildActionMask = 2147483647;
			files = (
			);
			inputPaths = (
				"${PODS_PODFILE_DIR_PATH}/Podfile.lock",
				"${PODS_ROOT}/Manifest.lock",
			);
			name = "[CP] Check Pods Manifest.lock";
			outputPaths = (
				"$(DERIVED_FILE_DIR)/Pods-Social-checkManifestLockResult.txt",
			);
			runOnlyForDeploymentPostprocessing = 0;
			shellPath = /bin/sh;
			shellScript = "diff \"${PODS_PODFILE_DIR_PATH}/Podfile.lock\" \"${PODS_ROOT}/Manifest.lock\" > /dev/null\nif [ $? != 0 ] ; then\n    # print error to STDERR\n    echo \"error: The sandbox is not in sync with the Podfile.lock. Run 'pod install' or update your CocoaPods installation.\" >&2\n    exit 1\nfi\n# This output is used by Xcode 'outputs' to avoid re-running this script phase.\necho \"SUCCESS\" > \"${SCRIPT_OUTPUT_FILE_0}\"\n";
			showEnvVarsInLog = 0;
		};
/* End PBXShellScriptBuildPhase section */

/* Begin PBXSourcesBuildPhase section */
		870DCA481F8F50AB00E88FA1 /* Sources */ = {
			isa = PBXSourcesBuildPhase;
			buildActionMask = 2147483647;
			files = (
				87255F061F90AC8800521511 /* CircleView.swift in Sources */,
				870DCA6E1F8F5C1B00E88FA1 /* RoundButton.swift in Sources */,
				870DCA521F8F50AB00E88FA1 /* SingInVC.swift in Sources */,
				870DCA6F1F8F5C1B00E88FA1 /* FancyField.swift in Sources */,
				870DCA701F8F5C1B00E88FA1 /* FancyButton.swift in Sources */,
				87255F0B1F90D7AF00521511 /* DataService.swift in Sources */,
				87B9BB591F8FA21F0056EACD /* FeedVC.swift in Sources */,
				870DCA691F8F5BFA00E88FA1 /* Costants.swift in Sources */,
				870DCA711F8F5C1B00E88FA1 /* FancyView.swift in Sources */,
				870DCA501F8F50AB00E88FA1 /* AppDelegate.swift in Sources */,
				87255F081F90BB2600521511 /* PostCell.swift in Sources */,
			);
			runOnlyForDeploymentPostprocessing = 0;
		};
/* End PBXSourcesBuildPhase section */

/* Begin PBXVariantGroup section */
		870DCA531F8F50AB00E88FA1 /* Main.storyboard */ = {
			isa = PBXVariantGroup;
			children = (
				870DCA541F8F50AB00E88FA1 /* Base */,
			);
			name = Main.storyboard;
			sourceTree = "<group>";
		};
		870DCA581F8F50AB00E88FA1 /* LaunchScreen.storyboard */ = {
			isa = PBXVariantGroup;
			children = (
				870DCA591F8F50AB00E88FA1 /* Base */,
			);
			name = LaunchScreen.storyboard;
			sourceTree = "<group>";
		};
/* End PBXVariantGroup section */

/* Begin XCBuildConfiguration section */
		870DCA5C1F8F50AB00E88FA1 /* Debug */ = {
			isa = XCBuildConfiguration;
			buildSettings = {
				ALWAYS_SEARCH_USER_PATHS = NO;
				CLANG_ANALYZER_NONNULL = YES;
				CLANG_ANALYZER_NUMBER_OBJECT_CONVERSION = YES_AGGRESSIVE;
				CLANG_CXX_LANGUAGE_STANDARD = "gnu++14";
				CLANG_CXX_LIBRARY = "libc++";
				CLANG_ENABLE_MODULES = YES;
				CLANG_ENABLE_OBJC_ARC = YES;
				CLANG_WARN_BLOCK_CAPTURE_AUTORELEASING = YES;
				CLANG_WARN_BOOL_CONVERSION = YES;
				CLANG_WARN_COMMA = YES;
				CLANG_WARN_CONSTANT_CONVERSION = YES;
				CLANG_WARN_DIRECT_OBJC_ISA_USAGE = YES_ERROR;
				CLANG_WARN_DOCUMENTATION_COMMENTS = YES;
				CLANG_WARN_EMPTY_BODY = YES;
				CLANG_WARN_ENUM_CONVERSION = YES;
				CLANG_WARN_INFINITE_RECURSION = YES;
				CLANG_WARN_INT_CONVERSION = YES;
				CLANG_WARN_NON_LITERAL_NULL_CONVERSION = YES;
				CLANG_WARN_OBJC_LITERAL_CONVERSION = YES;
				CLANG_WARN_OBJC_ROOT_CLASS = YES_ERROR;
				CLANG_WARN_RANGE_LOOP_ANALYSIS = YES;
				CLANG_WARN_STRICT_PROTOTYPES = YES;
				CLANG_WARN_SUSPICIOUS_MOVE = YES;
				CLANG_WARN_UNGUARDED_AVAILABILITY = YES_AGGRESSIVE;
				CLANG_WARN_UNREACHABLE_CODE = YES;
				CLANG_WARN__DUPLICATE_METHOD_MATCH = YES;
				CODE_SIGN_IDENTITY = "iPhone Developer";
				COPY_PHASE_STRIP = NO;
				DEBUG_INFORMATION_FORMAT = dwarf;
				ENABLE_STRICT_OBJC_MSGSEND = YES;
				ENABLE_TESTABILITY = YES;
				GCC_C_LANGUAGE_STANDARD = gnu11;
				GCC_DYNAMIC_NO_PIC = NO;
				GCC_NO_COMMON_BLOCKS = YES;
				GCC_OPTIMIZATION_LEVEL = 0;
				GCC_PREPROCESSOR_DEFINITIONS = (
					"DEBUG=1",
					"$(inherited)",
				);
				GCC_WARN_64_TO_32_BIT_CONVERSION = YES;
				GCC_WARN_ABOUT_RETURN_TYPE = YES_ERROR;
				GCC_WARN_UNDECLARED_SELECTOR = YES;
				GCC_WARN_UNINITIALIZED_AUTOS = YES_AGGRESSIVE;
				GCC_WARN_UNUSED_FUNCTION = YES;
				GCC_WARN_UNUSED_VARIABLE = YES;
				IPHONEOS_DEPLOYMENT_TARGET = 11.0;
				MTL_ENABLE_DEBUG_INFO = YES;
				ONLY_ACTIVE_ARCH = YES;
				SDKROOT = iphoneos;
				SWIFT_ACTIVE_COMPILATION_CONDITIONS = DEBUG;
				SWIFT_OPTIMIZATION_LEVEL = "-Onone";
			};
			name = Debug;
		};
		870DCA5D1F8F50AB00E88FA1 /* Release */ = {
			isa = XCBuildConfiguration;
			buildSettings = {
				ALWAYS_SEARCH_USER_PATHS = NO;
				CLANG_ANALYZER_NONNULL = YES;
				CLANG_ANALYZER_NUMBER_OBJECT_CONVERSION = YES_AGGRESSIVE;
				CLANG_CXX_LANGUAGE_STANDARD = "gnu++14";
				CLANG_CXX_LIBRARY = "libc++";
				CLANG_ENABLE_MODULES = YES;
				CLANG_ENABLE_OBJC_ARC = YES;
				CLANG_WARN_BLOCK_CAPTURE_AUTORELEASING = YES;
				CLANG_WARN_BOOL_CONVERSION = YES;
				CLANG_WARN_COMMA = YES;
				CLANG_WARN_CONSTANT_CONVERSION = YES;
				CLANG_WARN_DIRECT_OBJC_ISA_USAGE = YES_ERROR;
				CLANG_WARN_DOCUMENTATION_COMMENTS = YES;
				CLANG_WARN_EMPTY_BODY = YES;
				CLANG_WARN_ENUM_CONVERSION = YES;
				CLANG_WARN_INFINITE_RECURSION = YES;
				CLANG_WARN_INT_CONVERSION = YES;
				CLANG_WARN_NON_LITERAL_NULL_CONVERSION = YES;
				CLANG_WARN_OBJC_LITERAL_CONVERSION = YES;
				CLANG_WARN_OBJC_ROOT_CLASS = YES_ERROR;
				CLANG_WARN_RANGE_LOOP_ANALYSIS = YES;
				CLANG_WARN_STRICT_PROTOTYPES = YES;
				CLANG_WARN_SUSPICIOUS_MOVE = YES;
				CLANG_WARN_UNGUARDED_AVAILABILITY = YES_AGGRESSIVE;
				CLANG_WARN_UNREACHABLE_CODE = YES;
				CLANG_WARN__DUPLICATE_METHOD_MATCH = YES;
				CODE_SIGN_IDENTITY = "iPhone Developer";
				COPY_PHASE_STRIP = NO;
				DEBUG_INFORMATION_FORMAT = "dwarf-with-dsym";
				ENABLE_NS_ASSERTIONS = NO;
				ENABLE_STRICT_OBJC_MSGSEND = YES;
				GCC_C_LANGUAGE_STANDARD = gnu11;
				GCC_NO_COMMON_BLOCKS = YES;
				GCC_WARN_64_TO_32_BIT_CONVERSION = YES;
				GCC_WARN_ABOUT_RETURN_TYPE = YES_ERROR;
				GCC_WARN_UNDECLARED_SELECTOR = YES;
				GCC_WARN_UNINITIALIZED_AUTOS = YES_AGGRESSIVE;
				GCC_WARN_UNUSED_FUNCTION = YES;
				GCC_WARN_UNUSED_VARIABLE = YES;
				IPHONEOS_DEPLOYMENT_TARGET = 11.0;
				MTL_ENABLE_DEBUG_INFO = NO;
				SDKROOT = iphoneos;
				SWIFT_OPTIMIZATION_LEVEL = "-Owholemodule";
				VALIDATE_PRODUCT = YES;
			};
			name = Release;
		};
		870DCA5F1F8F50AB00E88FA1 /* Debug */ = {
			isa = XCBuildConfiguration;
			baseConfigurationReference = 8D6216796BC5922C1BD36031 /* Pods-Social.debug.xcconfig */;
			buildSettings = {
				ASSETCATALOG_COMPILER_APPICON_NAME = AppIcon;
				CODE_SIGN_ENTITLEMENTS = Social/Social.entitlements;
				CODE_SIGN_STYLE = Automatic;
				DEVELOPMENT_TEAM = G5H4A368LZ;
				FRAMEWORK_SEARCH_PATHS = (
					"$(inherited)",
					"\"$PODS_CONFIGURATION_BUILD_DIR/GTMSessionFetcher\"",
					"\"$PODS_CONFIGURATION_BUILD_DIR/GoogleToolboxForMac\"",
					"\"$PODS_CONFIGURATION_BUILD_DIR/leveldb-library\"",
					"\"$PODS_CONFIGURATION_BUILD_DIR/nanopb\"",
					"\"${PODS_ROOT}/FirebaseAnalytics/Frameworks\"",
					"\"${PODS_ROOT}/FirebaseAuth/Frameworks\"",
					"\"${PODS_ROOT}/FirebaseCore/Frameworks\"",
					"\"${PODS_ROOT}/FirebaseDatabase/Frameworks\"",
					"\"${PODS_ROOT}/FirebaseInstanceID/Frameworks\"",
					"\"${PODS_ROOT}/FirebaseStorage/Frameworks\"",
				);
				INFOPLIST_FILE = Social/Info.plist;
				LD_RUNPATH_SEARCH_PATHS = "$(inherited) @executable_path/Frameworks";
				PRODUCT_BUNDLE_IDENTIFIER = com.mno.social.social;
				PRODUCT_NAME = "$(TARGET_NAME)";
				SWIFT_VERSION = 4.0;
				TARGETED_DEVICE_FAMILY = "1,2";
			};
			name = Debug;
		};
		870DCA601F8F50AB00E88FA1 /* Release */ = {
			isa = XCBuildConfiguration;
			baseConfigurationReference = 0E154DD816226A93293508BE /* Pods-Social.release.xcconfig */;
			buildSettings = {
				ASSETCATALOG_COMPILER_APPICON_NAME = AppIcon;
				CODE_SIGN_ENTITLEMENTS = Social/Social.entitlements;
				CODE_SIGN_STYLE = Automatic;
				DEVELOPMENT_TEAM = G5H4A368LZ;
				FRAMEWORK_SEARCH_PATHS = (
					"$(inherited)",
					"\"$PODS_CONFIGURATION_BUILD_DIR/GTMSessionFetcher\"",
					"\"$PODS_CONFIGURATION_BUILD_DIR/GoogleToolboxForMac\"",
					"\"$PODS_CONFIGURATION_BUILD_DIR/leveldb-library\"",
					"\"$PODS_CONFIGURATION_BUILD_DIR/nanopb\"",
					"\"${PODS_ROOT}/FirebaseAnalytics/Frameworks\"",
					"\"${PODS_ROOT}/FirebaseAuth/Frameworks\"",
					"\"${PODS_ROOT}/FirebaseCore/Frameworks\"",
					"\"${PODS_ROOT}/FirebaseDatabase/Frameworks\"",
					"\"${PODS_ROOT}/FirebaseInstanceID/Frameworks\"",
					"\"${PODS_ROOT}/FirebaseStorage/Frameworks\"",
				);
				INFOPLIST_FILE = Social/Info.plist;
				LD_RUNPATH_SEARCH_PATHS = "$(inherited) @executable_path/Frameworks";
				PRODUCT_BUNDLE_IDENTIFIER = com.mno.social.social;
				PRODUCT_NAME = "$(TARGET_NAME)";
				SWIFT_VERSION = 4.0;
				TARGETED_DEVICE_FAMILY = "1,2";
			};
			name = Release;
		};
/* End XCBuildConfiguration section */

/* Begin XCConfigurationList section */
		870DCA471F8F50AB00E88FA1 /* Build configuration list for PBXProject "Social" */ = {
			isa = XCConfigurationList;
			buildConfigurations = (
				870DCA5C1F8F50AB00E88FA1 /* Debug */,
				870DCA5D1F8F50AB00E88FA1 /* Release */,
			);
			defaultConfigurationIsVisible = 0;
			defaultConfigurationName = Release;
		};
		870DCA5E1F8F50AB00E88FA1 /* Build configuration list for PBXNativeTarget "Social" */ = {
			isa = XCConfigurationList;
			buildConfigurations = (
				870DCA5F1F8F50AB00E88FA1 /* Debug */,
				870DCA601F8F50AB00E88FA1 /* Release */,
			);
			defaultConfigurationIsVisible = 0;
			defaultConfigurationName = Release;
		};
/* End XCConfigurationList section */
	};
	rootObject = 870DCA441F8F50AB00E88FA1 /* Project object */;
}
